
Microsoft Visual Studio Solution File, Format Version 12.00
# Visual Studio Version 16
VisualStudioVersion = 16.0.30114.105
MinimumVisualStudioVersion = 10.0.40219.1
Project("{FAE04EC0-301F-11D3-BF4B-00C04F79EFBC}") = "API", "API\API.csproj", "{6E12D6E9-A829-42D5-9D1A-C3C2C47DEB78}"
EndProject
Project("{FAE04EC0-301F-11D3-BF4B-00C04F79EFBC}") = "Application", "Application\Application.csproj", "{FB24BCD1-5F8A-4C9D-B34D-8F8BCBBC6E74}"
EndProject
Project("{FAE04EC0-301F-11D3-BF4B-00C04F79EFBC}") = "Persistence", "Persistence\Persistence.csproj", "{C04F220D-95B0-435F-96D8-CAED60D55EE0}"
EndProject
Project("{FAE04EC0-301F-11D3-BF4B-00C04F79EFBC}") = "Domain", "Domain\Domain.csproj", "{8E31353C-29C5-4B43-ACE2-2EDA2D066E93}"
EndProject
Global
	GlobalSection(SolutionConfigurationPlatforms) = preSolution
		Debug|Any CPU = Debug|Any CPU
		Debug|x64 = Debug|x64
		Debug|x86 = Debug|x86
		Release|Any CPU = Release|Any CPU
		Release|x64 = Release|x64
		Release|x86 = Release|x86
	EndGlobalSection
	GlobalSection(SolutionProperties) = preSolution
		HideSolutionNode = FALSE
	EndGlobalSection
	GlobalSection(ProjectConfigurationPlatforms) = postSolution
		{6E12D6E9-A829-42D5-9D1A-C3C2C47DEB78}.Debug|Any CPU.ActiveCfg = Debug|Any CPU
		{6E12D6E9-A829-42D5-9D1A-C3C2C47DEB78}.Debug|Any CPU.Build.0 = Debug|Any CPU
		{6E12D6E9-A829-42D5-9D1A-C3C2C47DEB78}.Debug|x64.ActiveCfg = Debug|Any CPU
		{6E12D6E9-A829-42D5-9D1A-C3C2C47DEB78}.Debug|x64.Build.0 = Debug|Any CPU
		{6E12D6E9-A829-42D5-9D1A-C3C2C47DEB78}.Debug|x86.ActiveCfg = Debug|Any CPU
		{6E12D6E9-A829-42D5-9D1A-C3C2C47DEB78}.Debug|x86.Build.0 = Debug|Any CPU
		{6E12D6E9-A829-42D5-9D1A-C3C2C47DEB78}.Release|Any CPU.ActiveCfg = Release|Any CPU
		{6E12D6E9-A829-42D5-9D1A-C3C2C47DEB78}.Release|Any CPU.Build.0 = Release|Any CPU
		{6E12D6E9-A829-42D5-9D1A-C3C2C47DEB78}.Release|x64.ActiveCfg = Release|Any CPU
		{6E12D6E9-A829-42D5-9D1A-C3C2C47DEB78}.Release|x64.Build.0 = Release|Any CPU
		{6E12D6E9-A829-42D5-9D1A-C3C2C47DEB78}.Release|x86.ActiveCfg = Release|Any CPU
		{6E12D6E9-A829-42D5-9D1A-C3C2C47DEB78}.Release|x86.Build.0 = Release|Any CPU
		{FB24BCD1-5F8A-4C9D-B34D-8F8BCBBC6E74}.Debug|Any CPU.ActiveCfg = Debug|Any CPU
		{FB24BCD1-5F8A-4C9D-B34D-8F8BCBBC6E74}.Debug|Any CPU.Build.0 = Debug|Any CPU
		{FB24BCD1-5F8A-4C9D-B34D-8F8BCBBC6E74}.Debug|x64.ActiveCfg = Debug|Any CPU
		{FB24BCD1-5F8A-4C9D-B34D-8F8BCBBC6E74}.Debug|x64.Build.0 = Debug|Any CPU
		{FB24BCD1-5F8A-4C9D-B34D-8F8BCBBC6E74}.Debug|x86.ActiveCfg = Debug|Any CPU
		{FB24BCD1-5F8A-4C9D-B34D-8F8BCBBC6E74}.Debug|x86.Build.0 = Debug|Any CPU
		{FB24BCD1-5F8A-4C9D-B34D-8F8BCBBC6E74}.Release|Any CPU.ActiveCfg = Release|Any CPU
		{FB24BCD1-5F8A-4C9D-B34D-8F8BCBBC6E74}.Release|Any CPU.Build.0 = Release|Any CPU
		{FB24BCD1-5F8A-4C9D-B34D-8F8BCBBC6E74}.Release|x64.ActiveCfg = Release|Any CPU
		{FB24BCD1-5F8A-4C9D-B34D-8F8BCBBC6E74}.Release|x64.Build.0 = Release|Any CPU
		{FB24BCD1-5F8A-4C9D-B34D-8F8BCBBC6E74}.Release|x86.ActiveCfg = Release|Any CPU
		{FB24BCD1-5F8A-4C9D-B34D-8F8BCBBC6E74}.Release|x86.Build.0 = Release|Any CPU
		{C04F220D-95B0-435F-96D8-CAED60D55EE0}.Debug|Any CPU.ActiveCfg = Debug|Any CPU
		{C04F220D-95B0-435F-96D8-CAED60D55EE0}.Debug|Any CPU.Build.0 = Debug|Any CPU
		{C04F220D-95B0-435F-96D8-CAED60D55EE0}.Debug|x64.ActiveCfg = Debug|Any CPU
		{C04F220D-95B0-435F-96D8-CAED60D55EE0}.Debug|x64.Build.0 = Debug|Any CPU
		{C04F220D-95B0-435F-96D8-CAED60D55EE0}.Debug|x86.ActiveCfg = Debug|Any CPU
		{C04F220D-95B0-435F-96D8-CAED60D55EE0}.Debug|x86.Build.0 = Debug|Any CPU
		{C04F220D-95B0-435F-96D8-CAED60D55EE0}.Release|Any CPU.ActiveCfg = Release|Any CPU
		{C04F220D-95B0-435F-96D8-CAED60D55EE0}.Release|Any CPU.Build.0 = Release|Any CPU
		{C04F220D-95B0-435F-96D8-CAED60D55EE0}.Release|x64.ActiveCfg = Release|Any CPU
		{C04F220D-95B0-435F-96D8-CAED60D55EE0}.Release|x64.Build.0 = Release|Any CPU
		{C04F220D-95B0-435F-96D8-CAED60D55EE0}.Release|x86.ActiveCfg = Release|Any CPU
		{C04F220D-95B0-435F-96D8-CAED60D55EE0}.Release|x86.Build.0 = Release|Any CPU
		{8E31353C-29C5-4B43-ACE2-2EDA2D066E93}.Debug|Any CPU.ActiveCfg = Debug|Any CPU
		{8E31353C-29C5-4B43-ACE2-2EDA2D066E93}.Debug|Any CPU.Build.0 = Debug|Any CPU
		{8E31353C-29C5-4B43-ACE2-2EDA2D066E93}.Debug|x64.ActiveCfg = Debug|Any CPU
		{8E31353C-29C5-4B43-ACE2-2EDA2D066E93}.Debug|x64.Build.0 = Debug|Any CPU
		{8E31353C-29C5-4B43-ACE2-2EDA2D066E93}.Debug|x86.ActiveCfg = Debug|Any CPU
		{8E31353C-29C5-4B43-ACE2-2EDA2D066E93}.Debug|x86.Build.0 = Debug|Any CPU
		{8E31353C-29C5-4B43-ACE2-2EDA2D066E93}.Release|Any CPU.ActiveCfg = Release|Any CPU
		{8E31353C-29C5-4B43-ACE2-2EDA2D066E93}.Release|Any CPU.Build.0 = Release|Any CPU
		{8E31353C-29C5-4B43-ACE2-2EDA2D066E93}.Release|x64.ActiveCfg = Release|Any CPU
		{8E31353C-29C5-4B43-ACE2-2EDA2D066E93}.Release|x64.Build.0 = Release|Any CPU
		{8E31353C-29C5-4B43-ACE2-2EDA2D066E93}.Release|x86.ActiveCfg = Release|Any CPU
		{8E31353C-29C5-4B43-ACE2-2EDA2D066E93}.Release|x86.Build.0 = Release|Any CPU
	EndGlobalSection
EndGlobal
